
Microsoft Visual Studio Solution File, Format Version 12.00
# Visual Studio Version 17
VisualStudioVersion = 17.0.31903.59
MinimumVisualStudioVersion = 10.0.40219.1
Project("{2150E333-8FDC-42A3-9474-1A3956D46DE8}") = "src", "src", "{BFE31653-4A0F-4607-B366-79879EA5E21D}"
EndProject
Project("{FAE04EC0-301F-11D3-BF4B-00C04F79EFBC}") = "MyLibrary", "src\MyLibrary\MyLibrary.csproj", "{A9A74F56-9D1B-4855-950D-7CF22B2F127B}"
EndProject
Project("{2150E333-8FDC-42A3-9474-1A3956D46DE8}") = "tests", "tests", "{366FCC50-F1D3-4133-A946-86FF997EA1C8}"
EndProject
Project("{FAE04EC0-301F-11D3-BF4B-00C04F79EFBC}") = "MyLibrary.Tests", "tests\MyLibrary.Tests\MyLibrary.Tests.csproj", "{4ED257B4-CEBB-49CE-A714-C95FBD9A2A67}"
EndProject
Global
	GlobalSection(SolutionConfigurationPlatforms) = preSolution
		Debug|Any CPU = Debug|Any CPU
		Release|Any CPU = Release|Any CPU
	EndGlobalSection
	GlobalSection(SolutionProperties) = preSolution
		HideSolutionNode = FALSE
	EndGlobalSection
	GlobalSection(ProjectConfigurationPlatforms) = postSolution
		{A9A74F56-9D1B-4855-950D-7CF22B2F127B}.Debug|Any CPU.ActiveCfg = Debug|Any CPU
		{A9A74F56-9D1B-4855-950D-7CF22B2F127B}.Debug|Any CPU.Build.0 = Debug|Any CPU
		{A9A74F56-9D1B-4855-950D-7CF22B2F127B}.Release|Any CPU.ActiveCfg = Release|Any CPU
		{A9A74F56-9D1B-4855-950D-7CF22B2F127B}.Release|Any CPU.Build.0 = Release|Any CPU
		{4ED257B4-CEBB-49CE-A714-C95FBD9A2A67}.Debug|Any CPU.ActiveCfg = Debug|Any CPU
		{4ED257B4-CEBB-49CE-A714-C95FBD9A2A67}.Debug|Any CPU.Build.0 = Debug|Any CPU
		{4ED257B4-CEBB-49CE-A714-C95FBD9A2A67}.Release|Any CPU.ActiveCfg = Release|Any CPU
		{4ED257B4-CEBB-49CE-A714-C95FBD9A2A67}.Release|Any CPU.Build.0 = Release|Any CPU
	EndGlobalSection
	GlobalSection(NestedProjects) = preSolution
		{A9A74F56-9D1B-4855-950D-7CF22B2F127B} = {BFE31653-4A0F-4607-B366-79879EA5E21D}
		{4ED257B4-CEBB-49CE-A714-C95FBD9A2A67} = {366FCC50-F1D3-4133-A946-86FF997EA1C8}
	EndGlobalSection
EndGlobal
