// !$*UTF8*$!
{
	archiveVersion = 1;
	classes = {
	};
	objectVersion = 46;
	objects = {

/* Begin PBXBuildFile section */
		B60741621A2625D300C2F9C4 /* YNBEmployee.m in Sources */ = {isa = PBXBuildFile; fileRef = B60741611A2625D300C2F9C4 /* YNBEmployee.m */; };
		B60741641A27685400C2F9C4 /* ObjectLifeCycle.m in Sources */ = {isa = PBXBuildFile; fileRef = B60741631A27685400C2F9C4 /* ObjectLifeCycle.m */; };
		B60741671A295DE000C2F9C4 /* YNBPerson+YNBPersonAgeAdditions.m in Sources */ = {isa = PBXBuildFile; fileRef = B60741661A295DE000C2F9C4 /* YNBPerson+YNBPersonAgeAdditions.m */; };
		B61E79C11A26166D004A56C3 /* main.m in Sources */ = {isa = PBXBuildFile; fileRef = B61E79C01A26166D004A56C3 /* main.m */; };
		B61E79C91A26170B004A56C3 /* YNBPerson.m in Sources */ = {isa = PBXBuildFile; fileRef = B61E79C81A26170B004A56C3 /* YNBPerson.m */; };
		B635A4401A356287004B9243 /* LearnBlock.m in Sources */ = {isa = PBXBuildFile; fileRef = B635A43F1A356287004B9243 /* LearnBlock.m */; };
		B6824D861A34582B0010CFA8 /* LearnProtocol.m in Sources */ = {isa = PBXBuildFile; fileRef = B6824D851A34582B0010CFA8 /* LearnProtocol.m */; };
		B6824D881A347A1F0010CFA8 /* LearnValuesCollections.m in Sources */ = {isa = PBXBuildFile; fileRef = B6824D871A347A1F0010CFA8 /* LearnValuesCollections.m */; };
/* End PBXBuildFile section */

/* Begin PBXCopyFilesBuildPhase section */
		B61E79BB1A26166D004A56C3 /* CopyFiles */ = {
			isa = PBXCopyFilesBuildPhase;
			buildActionMask = 2147483647;
			dstPath = /usr/share/man/man1/;
			dstSubfolderSpec = 0;
			files = (
			);
			runOnlyForDeploymentPostprocessing = 1;
		};
/* End PBXCopyFilesBuildPhase section */

/* Begin PBXFileReference section */
		B60741601A2625D300C2F9C4 /* YNBEmployee.h */ = {isa = PBXFileReference; fileEncoding = 4; lastKnownFileType = sourcecode.c.h; path = YNBEmployee.h; sourceTree = "<group>"; };
		B60741611A2625D300C2F9C4 /* YNBEmployee.m */ = {isa = PBXFileReference; fileEncoding = 4; lastKnownFileType = sourcecode.c.objc; path = YNBEmployee.m; sourceTree = "<group>"; };
		B60741631A27685400C2F9C4 /* ObjectLifeCycle.m */ = {isa = PBXFileReference; fileEncoding = 4; lastKnownFileType = sourcecode.c.objc; path = ObjectLifeCycle.m; sourceTree = "<group>"; };
		B60741651A2958DB00C2F9C4 /* YNBPerson+YNBPersonAgeAdditions.h */ = {isa = PBXFileReference; lastKnownFileType = sourcecode.c.h; path = "YNBPerson+YNBPersonAgeAdditions.h"; sourceTree = "<group>"; };
		B60741661A295DE000C2F9C4 /* YNBPerson+YNBPersonAgeAdditions.m */ = {isa = PBXFileReference; fileEncoding = 4; lastKnownFileType = sourcecode.c.objc; path = "YNBPerson+YNBPersonAgeAdditions.m"; sourceTree = "<group>"; };
		B61E79BD1A26166D004A56C3 /* ObjectiveCBasics */ = {isa = PBXFileReference; explicitFileType = "compiled.mach-o.executable"; includeInIndex = 0; path = ObjectiveCBasics; sourceTree = BUILT_PRODUCTS_DIR; };
		B61E79C01A26166D004A56C3 /* main.m */ = {isa = PBXFileReference; lastKnownFileType = sourcecode.c.objc; path = main.m; sourceTree = "<group>"; };
		B61E79C71A26170B004A56C3 /* YNBPerson.h */ = {isa = PBXFileReference; fileEncoding = 4; lastKnownFileType = sourcecode.c.h; path = YNBPerson.h; sourceTree = "<group>"; };
		B61E79C81A26170B004A56C3 /* YNBPerson.m */ = {isa = PBXFileReference; fileEncoding = 4; lastKnownFileType = sourcecode.c.objc; path = YNBPerson.m; sourceTree = "<group>"; };
		B635A43F1A356287004B9243 /* LearnBlock.m */ = {isa = PBXFileReference; fileEncoding = 4; lastKnownFileType = sourcecode.c.objc; path = LearnBlock.m; sourceTree = "<group>"; };
		B6824D851A34582B0010CFA8 /* LearnProtocol.m */ = {isa = PBXFileReference; fileEncoding = 4; lastKnownFileType = sourcecode.c.objc; path = LearnProtocol.m; sourceTree = "<group>"; };
		B6824D871A347A1F0010CFA8 /* LearnValuesCollections.m */ = {isa = PBXFileReference; fileEncoding = 4; lastKnownFileType = sourcecode.c.objc; path = LearnValuesCollections.m; sourceTree = "<group>"; };
/* End PBXFileReference section */

/* Begin PBXFrameworksBuildPhase section */
		B61E79BA1A26166D004A56C3 /* Frameworks */ = {
			isa = PBXFrameworksBuildPhase;
			buildActionMask = 2147483647;
			files = (
			);
			runOnlyForDeploymentPostprocessing = 0;
		};
/* End PBXFrameworksBuildPhase section */

/* Begin PBXGroup section */
		B61E79B41A26166D004A56C3 = {
			isa = PBXGroup;
			children = (
				B61E79BF1A26166D004A56C3 /* ObjectiveCBasics */,
				B61E79BE1A26166D004A56C3 /* Products */,
			);
			sourceTree = "<group>";
		};
		B61E79BE1A26166D004A56C3 /* Products */ = {
			isa = PBXGroup;
			children = (
				B61E79BD1A26166D004A56C3 /* ObjectiveCBasics */,
			);
			name = Products;
			sourceTree = "<group>";
		};
		B61E79BF1A26166D004A56C3 /* ObjectiveCBasics */ = {
			isa = PBXGroup;
			children = (
				B61E79C01A26166D004A56C3 /* main.m */,
				B61E79C71A26170B004A56C3 /* YNBPerson.h */,
				B61E79C81A26170B004A56C3 /* YNBPerson.m */,
				B60741651A2958DB00C2F9C4 /* YNBPerson+YNBPersonAgeAdditions.h */,
				B60741661A295DE000C2F9C4 /* YNBPerson+YNBPersonAgeAdditions.m */,
				B60741601A2625D300C2F9C4 /* YNBEmployee.h */,
				B60741611A2625D300C2F9C4 /* YNBEmployee.m */,
				B6824D851A34582B0010CFA8 /* LearnProtocol.m */,
				B60741631A27685400C2F9C4 /* ObjectLifeCycle.m */,
				B6824D871A347A1F0010CFA8 /* LearnValuesCollections.m */,
				B635A43F1A356287004B9243 /* LearnBlock.m */,
			);
			path = ObjectiveCBasics;
			sourceTree = "<group>";
		};
/* End PBXGroup section */

/* Begin PBXNativeTarget section */
		B61E79BC1A26166D004A56C3 /* ObjectiveCBasics */ = {
			isa = PBXNativeTarget;
			buildConfigurationList = B61E79C41A26166D004A56C3 /* Build configuration list for PBXNativeTarget "ObjectiveCBasics" */;
			buildPhases = (
				B61E79B91A26166D004A56C3 /* Sources */,
				B61E79BA1A26166D004A56C3 /* Frameworks */,
				B61E79BB1A26166D004A56C3 /* CopyFiles */,
			);
			buildRules = (
			);
			dependencies = (
			);
			name = ObjectiveCBasics;
			productName = ObjectiveCBasics;
			productReference = B61E79BD1A26166D004A56C3 /* ObjectiveCBasics */;
			productType = "com.apple.product-type.tool";
		};
/* End PBXNativeTarget section */

/* Begin PBXProject section */
		B61E79B51A26166D004A56C3 /* Project object */ = {
			isa = PBXProject;
			attributes = {
				LastUpgradeCheck = 0610;
				ORGANIZATIONNAME = yunabe;
				TargetAttributes = {
					B61E79BC1A26166D004A56C3 = {
						CreatedOnToolsVersion = 6.1;
					};
				};
			};
			buildConfigurationList = B61E79B81A26166D004A56C3 /* Build configuration list for PBXProject "ObjectiveCBasics" */;
			compatibilityVersion = "Xcode 3.2";
			developmentRegion = English;
			hasScannedForEncodings = 0;
			knownRegions = (
				en,
			);
			mainGroup = B61E79B41A26166D004A56C3;
			productRefGroup = B61E79BE1A26166D004A56C3 /* Products */;
			projectDirPath = "";
			projectRoot = "";
			targets = (
				B61E79BC1A26166D004A56C3 /* ObjectiveCBasics */,
			);
		};
/* End PBXProject section */

/* Begin PBXSourcesBuildPhase section */
		B61E79B91A26166D004A56C3 /* Sources */ = {
			isa = PBXSourcesBuildPhase;
			buildActionMask = 2147483647;
			files = (
				B60741671A295DE000C2F9C4 /* YNBPerson+YNBPersonAgeAdditions.m in Sources */,
				B60741621A2625D300C2F9C4 /* YNBEmployee.m in Sources */,
				B61E79C91A26170B004A56C3 /* YNBPerson.m in Sources */,
				B61E79C11A26166D004A56C3 /* main.m in Sources */,
				B635A4401A356287004B9243 /* LearnBlock.m in Sources */,
				B6824D861A34582B0010CFA8 /* LearnProtocol.m in Sources */,
				B6824D881A347A1F0010CFA8 /* LearnValuesCollections.m in Sources */,
				B60741641A27685400C2F9C4 /* ObjectLifeCycle.m in Sources */,
			);
			runOnlyForDeploymentPostprocessing = 0;
		};
/* End PBXSourcesBuildPhase section */

/* Begin XCBuildConfiguration section */
		B61E79C21A26166D004A56C3 /* Debug */ = {
			isa = XCBuildConfiguration;
			buildSettings = {
				ALWAYS_SEARCH_USER_PATHS = NO;
				CLANG_CXX_LANGUAGE_STANDARD = "gnu++0x";
				CLANG_CXX_LIBRARY = "libc++";
				CLANG_ENABLE_MODULES = YES;
				CLANG_ENABLE_OBJC_ARC = YES;
				CLANG_WARN_BOOL_CONVERSION = YES;
				CLANG_WARN_CONSTANT_CONVERSION = YES;
				CLANG_WARN_DIRECT_OBJC_ISA_USAGE = YES_ERROR;
				CLANG_WARN_EMPTY_BODY = YES;
				CLANG_WARN_ENUM_CONVERSION = YES;
				CLANG_WARN_INT_CONVERSION = YES;
				CLANG_WARN_OBJC_ROOT_CLASS = YES_ERROR;
				CLANG_WARN_UNREACHABLE_CODE = YES;
				CLANG_WARN__DUPLICATE_METHOD_MATCH = YES;
				COPY_PHASE_STRIP = NO;
				ENABLE_STRICT_OBJC_MSGSEND = YES;
				GCC_C_LANGUAGE_STANDARD = gnu99;
				GCC_DYNAMIC_NO_PIC = NO;
				GCC_OPTIMIZATION_LEVEL = 0;
				GCC_PREPROCESSOR_DEFINITIONS = (
					"DEBUG=1",
					"$(inherited)",
				);
				GCC_SYMBOLS_PRIVATE_EXTERN = NO;
				GCC_WARN_64_TO_32_BIT_CONVERSION = YES;
				GCC_WARN_ABOUT_RETURN_TYPE = YES_ERROR;
				GCC_WARN_UNDECLARED_SELECTOR = YES;
				GCC_WARN_UNINITIALIZED_AUTOS = YES_AGGRESSIVE;
				GCC_WARN_UNUSED_FUNCTION = YES;
				GCC_WARN_UNUSED_VARIABLE = YES;
				MACOSX_DEPLOYMENT_TARGET = 10.10;
				MTL_ENABLE_DEBUG_INFO = YES;
				ONLY_ACTIVE_ARCH = YES;
				SDKROOT = macosx;
			};
			name = Debug;
		};
		B61E79C31A26166D004A56C3 /* Release */ = {
			isa = XCBuildConfiguration;
			buildSettings = {
				ALWAYS_SEARCH_USER_PATHS = NO;
				CLANG_CXX_LANGUAGE_STANDARD = "gnu++0x";
				CLANG_CXX_LIBRARY = "libc++";
				CLANG_ENABLE_MODULES = YES;
				CLANG_ENABLE_OBJC_ARC = YES;
				CLANG_WARN_BOOL_CONVERSION = YES;
				CLANG_WARN_CONSTANT_CONVERSION = YES;
				CLANG_WARN_DIRECT_OBJC_ISA_USAGE = YES_ERROR;
				CLANG_WARN_EMPTY_BODY = YES;
				CLANG_WARN_ENUM_CONVERSION = YES;
				CLANG_WARN_INT_CONVERSION = YES;
				CLANG_WARN_OBJC_ROOT_CLASS = YES_ERROR;
				CLANG_WARN_UNREACHABLE_CODE = YES;
				CLANG_WARN__DUPLICATE_METHOD_MATCH = YES;
				COPY_PHASE_STRIP = YES;
				DEBUG_INFORMATION_FORMAT = "dwarf-with-dsym";
				ENABLE_NS_ASSERTIONS = NO;
				ENABLE_STRICT_OBJC_MSGSEND = YES;
				GCC_C_LANGUAGE_STANDARD = gnu99;
				GCC_WARN_64_TO_32_BIT_CONVERSION = YES;
				GCC_WARN_ABOUT_RETURN_TYPE = YES_ERROR;
				GCC_WARN_UNDECLARED_SELECTOR = YES;
				GCC_WARN_UNINITIALIZED_AUTOS = YES_AGGRESSIVE;
				GCC_WARN_UNUSED_FUNCTION = YES;
				GCC_WARN_UNUSED_VARIABLE = YES;
				MACOSX_DEPLOYMENT_TARGET = 10.10;
				MTL_ENABLE_DEBUG_INFO = NO;
				SDKROOT = macosx;
			};
			name = Release;
		};
		B61E79C51A26166D004A56C3 /* Debug */ = {
			isa = XCBuildConfiguration;
			buildSettings = {
				MACOSX_DEPLOYMENT_TARGET = 10.9;
				PRODUCT_NAME = "$(TARGET_NAME)";
			};
			name = Debug;
		};
		B61E79C61A26166D004A56C3 /* Release */ = {
			isa = XCBuildConfiguration;
			buildSettings = {
				MACOSX_DEPLOYMENT_TARGET = 10.9;
				PRODUCT_NAME = "$(TARGET_NAME)";
			};
			name = Release;
		};
/* End XCBuildConfiguration section */

/* Begin XCConfigurationList section */
		B61E79B81A26166D004A56C3 /* Build configuration list for PBXProject "ObjectiveCBasics" */ = {
			isa = XCConfigurationList;
			buildConfigurations = (
				B61E79C21A26166D004A56C3 /* Debug */,
				B61E79C31A26166D004A56C3 /* Release */,
			);
			defaultConfigurationIsVisible = 0;
			defaultConfigurationName = Release;
		};
		B61E79C41A26166D004A56C3 /* Build configuration list for PBXNativeTarget "ObjectiveCBasics" */ = {
			isa = XCConfigurationList;
			buildConfigurations = (
				B61E79C51A26166D004A56C3 /* Debug */,
				B61E79C61A26166D004A56C3 /* Release */,
			);
			defaultConfigurationIsVisible = 0;
			defaultConfigurationName = Release;
		};
/* End XCConfigurationList section */
	};
	rootObject = B61E79B51A26166D004A56C3 /* Project object */;
}
